PODS:
  - FNKRunner (1.2.0):
    - ORPatchFile (= 1.2.0)
  - Masonry (1.1.0)
  - MJRefresh (3.1.17)
  - ORPatchFile (1.2.0)

DEPENDENCIES:
  - FNKRunner (from `../`)
  - Masonry
  - MJRefresh (~> 3.1.12)
  - ORPatchFile (from `../`)

SPEC REPOS:
  https://github.com/CocoaPods/Specs.git:
    - Masonry
    - MJRefresh

EXTERNAL SOURCES:
  FNKRunner:
    :path: "../"
  ORPatchFile:
    :path: "../"

SPEC CHECKSUMS:
  FNKRunner: 8fee4b92f22c875832512f755b292e1e397dcbba
  Masonry: 678fab65091a9290e40e2832a55e7ab731aad201
  MJRefresh: ee5b68f639775462faba4db0fd243baf4d42c2cf
  ORPatchFile: aadd6ba67683e44284d8ad6cacc495d899bdacdc

PODFILE CHECKSUM: 8f28da01a47b2fe446219851dbc8e419c8fcfb13

COCOAPODS: 1.8.4
